
Microsoft Visual Studio Solution File, Format Version 12.00
# Visual Studio 15
VisualStudioVersion = 15.0.27703.2026
MinimumVisualStudioVersion = 10.0.40219.1
Project("{FAE04EC0-301F-11D3-BF4B-00C04F79EFBC}") = "School", "School\School.csproj", "{BC60E4A4-FE06-4251-9FEF-0543AEF94CAF}"
EndProject
Global
	GlobalSection(SolutionConfigurationPlatforms) = preSolution
		Debug|Any CPU = Debug|Any CPU
		Release|Any CPU = Release|Any CPU
	EndGlobalSection
	GlobalSection(ProjectConfigurationPlatforms) = postSolution
		{BC60E4A4-FE06-4251-9FEF-0543AEF94CAF}.Debug|Any CPU.ActiveCfg = Debug|Any CPU
		{BC60E4A4-FE06-4251-9FEF-0543AEF94CAF}.Debug|Any CPU.Build.0 = Debug|Any CPU
		{BC60E4A4-FE06-4251-9FEF-0543AEF94CAF}.Release|Any CPU.ActiveCfg = Release|Any CPU
		{BC60E4A4-FE06-4251-9FEF-0543AEF94CAF}.Release|Any CPU.Build.0 = Release|Any CPU
	EndGlobalSection
	GlobalSection(SolutionProperties) = preSolution
		HideSolutionNode = FALSE
	EndGlobalSection
	GlobalSection(ExtensibilityGlobals) = postSolution
		SolutionGuid = {8AF10DD2-B67E-48C6-AA5D-B5A48CDF12B6}
	EndGlobalSection
EndGlobal
